// !$*UTF8*$!
{
	archiveVersion = 1;
	classes = {
	};
	objectVersion = 46;
	objects = {

/* Begin PBXAggregateTarget section */
		274B0ABB189CAF780050EF96 /* All */ = {
			isa = PBXAggregateTarget;
			buildConfigurationList = 274B0ABC189CAF780050EF96 /* Build configuration list for PBXAggregateTarget "All" */;
			buildPhases = (
			);
			dependencies = (
				2734A4D6189D2CCF00106285 /* PBXTargetDependency */,
				274B0AC0189CAF840050EF96 /* PBXTargetDependency */,
				274B0AC2189CAF840050EF96 /* PBXTargetDependency */,
				274B0AC4189CAF840050EF96 /* PBXTargetDependency */,
			);
			name = All;
			productName = All;
		};
/* End PBXAggregateTarget section */

/* Begin PBXBuildFile section */
		2734A4A4189D2BEE00106285 /* Cocoa.framework in Frameworks */ = {isa = PBXBuildFile; fileRef = 2734A4A3189D2BEE00106285 /* Cocoa.framework */; };
		2734A4AE189D2BEE00106285 /* InfoPlist.strings in Resources */ = {isa = PBXBuildFile; fileRef = 2734A4AC189D2BEE00106285 /* InfoPlist.strings */; };
		2734A4B0189D2BEE00106285 /* main.m in Sources */ = {isa = PBXBuildFile; fileRef = 2734A4AF189D2BEE00106285 /* main.m */; };
		2734A4B4189D2BEE00106285 /* Credits.rtf in Resources */ = {isa = PBXBuildFile; fileRef = 2734A4B2189D2BEE00106285 /* Credits.rtf */; };
		2734A4B7189D2BEE00106285 /* EPMAppDelegate.m in Sources */ = {isa = PBXBuildFile; fileRef = 2734A4B6189D2BEE00106285 /* EPMAppDelegate.m */; };
		2734A4BA189D2BEE00106285 /* MainMenu.xib in Resources */ = {isa = PBXBuildFile; fileRef = 2734A4B8189D2BEE00106285 /* MainMenu.xib */; };
		2734A4BC189D2BEE00106285 /* Images.xcassets in Resources */ = {isa = PBXBuildFile; fileRef = 2734A4BB189D2BEE00106285 /* Images.xcassets */; };
		274B0A7E189CAD6E0050EF96 /* epm.c in Sources */ = {isa = PBXBuildFile; fileRef = 274B0A68189CAD6E0050EF96 /* epm.c */; };
		274B0A99189CAE7F0050EF96 /* mkepmlist.c in Sources */ = {isa = PBXBuildFile; fileRef = 274B0A98189CAE7F0050EF96 /* mkepmlist.c */; };
		274B0A9A189CAE8A0050EF96 /* aix.c in Sources */ = {isa = PBXBuildFile; fileRef = 274B0A64189CAD6E0050EF96 /* aix.c */; };
		274B0A9B189CAE8A0050EF96 /* bsd.c in Sources */ = {isa = PBXBuildFile; fileRef = 274B0A65189CAD6E0050EF96 /* bsd.c */; };
		274B0A9C189CAE8A0050EF96 /* deb.c in Sources */ = {isa = PBXBuildFile; fileRef = 274B0A66189CAD6E0050EF96 /* deb.c */; };
		274B0A9D189CAE8A0050EF96 /* dist.c in Sources */ = {isa = PBXBuildFile; fileRef = 274B0A67189CAD6E0050EF96 /* dist.c */; };
		274B0A9E189CAE8A0050EF96 /* epm.h in Headers */ = {isa = PBXBuildFile; fileRef = 274B0A69189CAD6E0050EF96 /* epm.h */; };
		274B0A9F189CAE8A0050EF96 /* epmstring.h in Headers */ = {isa = PBXBuildFile; fileRef = 274B0A6A189CAD6E0050EF96 /* epmstring.h */; };
		274B0AA0189CAE8A0050EF96 /* file.c in Sources */ = {isa = PBXBuildFile; fileRef = 274B0A6B189CAD6E0050EF96 /* file.c */; };
		274B0AA1189CAE8A0050EF96 /* inst.c in Sources */ = {isa = PBXBuildFile; fileRef = 274B0A6C189CAD6E0050EF96 /* inst.c */; };
		274B0AA2189CAE8A0050EF96 /* osx.c in Sources */ = {isa = PBXBuildFile; fileRef = 274B0A6D189CAD6E0050EF96 /* osx.c */; };
		274B0AA3189CAE8A0050EF96 /* pkg.c in Sources */ = {isa = PBXBuildFile; fileRef = 274B0A6E189CAD6E0050EF96 /* pkg.c */; };
		274B0AA4189CAE8A0050EF96 /* portable.c in Sources */ = {isa = PBXBuildFile; fileRef = 274B0A6F189CAD6E0050EF96 /* portable.c */; };
		274B0AA5189CAE8A0050EF96 /* qprintf.c in Sources */ = {isa = PBXBuildFile; fileRef = 274B0A70189CAD6E0050EF96 /* qprintf.c */; };
		274B0AA6189CAE8A0050EF96 /* rpm.c in Sources */ = {isa = PBXBuildFile; fileRef = 274B0A71189CAD6E0050EF96 /* rpm.c */; };
		274B0AA7189CAE8A0050EF96 /* run.c in Sources */ = {isa = PBXBuildFile; fileRef = 274B0A72189CAD6E0050EF96 /* run.c */; };
		274B0AA8189CAE8A0050EF96 /* setld.c in Sources */ = {isa = PBXBuildFile; fileRef = 274B0A73189CAD6E0050EF96 /* setld.c */; };
		274B0AA9189CAE8A0050EF96 /* slackware.c in Sources */ = {isa = PBXBuildFile; fileRef = 274B0A74189CAD6E0050EF96 /* slackware.c */; };
		274B0AAA189CAE8A0050EF96 /* snprintf.c in Sources */ = {isa = PBXBuildFile; fileRef = 274B0A75189CAD6E0050EF96 /* snprintf.c */; };
		274B0AAB189CAE8A0050EF96 /* string.c in Sources */ = {isa = PBXBuildFile; fileRef = 274B0A76189CAD6E0050EF96 /* string.c */; };
		274B0AAC189CAE8A0050EF96 /* support.c in Sources */ = {isa = PBXBuildFile; fileRef = 274B0A77189CAD6E0050EF96 /* support.c */; };
		274B0AAD189CAE8A0050EF96 /* swinstall.c in Sources */ = {isa = PBXBuildFile; fileRef = 274B0A78189CAD6E0050EF96 /* swinstall.c */; };
		274B0AAE189CAE8A0050EF96 /* tar.c in Sources */ = {isa = PBXBuildFile; fileRef = 274B0A79189CAD6E0050EF96 /* tar.c */; };
		274B0AB1189CAEC60050EF96 /* epminstall.c in Sources */ = {isa = PBXBuildFile; fileRef = 274B0AB0189CAEC60050EF96 /* epminstall.c */; };
		274B0AB4189CAF090050EF96 /* libepm.a in Frameworks */ = {isa = PBXBuildFile; fileRef = 274B0A92189CADF80050EF96 /* libepm.a */; };
		274B0AB7189CAF210050EF96 /* libepm.a in Frameworks */ = {isa = PBXBuildFile; fileRef = 274B0A92189CADF80050EF96 /* libepm.a */; };
		274B0ABA189CAF2C0050EF96 /* libepm.a in Frameworks */ = {isa = PBXBuildFile; fileRef = 274B0A92189CADF80050EF96 /* libepm.a */; };
/* End PBXBuildFile section */

/* Begin PBXContainerItemProxy section */
		2734A4D5189D2CCF00106285 /* PBXContainerItemProxy */ = {
			isa = PBXContainerItemProxy;
			containerPortal = 274B0A40189CABE10050EF96 /* Project object */;
			proxyType = 1;
			remoteGlobalIDString = 2734A4A0189D2BEE00106285;
			remoteInfo = Uninstall;
		};
		274B0AB2189CAF010050EF96 /* PBXContainerItemProxy */ = {
			isa = PBXContainerItemProxy;
			containerPortal = 274B0A40189CABE10050EF96 /* Project object */;
			proxyType = 1;
			remoteGlobalIDString = 274B0A91189CADF80050EF96;
			remoteInfo = libepm;
		};
		274B0AB5189CAF1A0050EF96 /* PBXContainerItemProxy */ = {
			isa = PBXContainerItemProxy;
			containerPortal = 274B0A40189CABE10050EF96 /* Project object */;
			proxyType = 1;
			remoteGlobalIDString = 274B0A91189CADF80050EF96;
			remoteInfo = libepm;
		};
		274B0AB8189CAF280050EF96 /* PBXContainerItemProxy */ = {
			isa = PBXContainerItemProxy;
			containerPortal = 274B0A40189CABE10050EF96 /* Project object */;
			proxyType = 1;
			remoteGlobalIDString = 274B0A91189CADF80050EF96;
			remoteInfo = libepm;
		};
		274B0ABF189CAF840050EF96 /* PBXContainerItemProxy */ = {
			isa = PBXContainerItemProxy;
			containerPortal = 274B0A40189CABE10050EF96 /* Project object */;
			proxyType = 1;
			remoteGlobalIDString = 274B0A47189CABE10050EF96;
			remoteInfo = epm;
		};
		274B0AC1189CAF840050EF96 /* PBXContainerItemProxy */ = {
			isa = PBXContainerItemProxy;
			containerPortal = 274B0A40189CABE10050EF96 /* Project object */;
			proxyType = 1;
			remoteGlobalIDString = 274B0A54189CACE00050EF96;
			remoteInfo = epminstall;
		};
		274B0AC3189CAF840050EF96 /* PBXContainerItemProxy */ = {
			isa = PBXContainerItemProxy;
			containerPortal = 274B0A40189CABE10050EF96 /* Project object */;
			proxyType = 1;
			remoteGlobalIDString = 274B0A5C189CACFB0050EF96;
			remoteInfo = mkepmlist;
		};
/* End PBXContainerItemProxy section */

/* Begin PBXCopyFilesBuildPhase section */
		274B0A46189CABE10050EF96 /* CopyFiles */ = {
			isa = PBXCopyFilesBuildPhase;
			buildActionMask = 2147483647;
			dstPath = /usr/share/man/man1/;
			dstSubfolderSpec = 0;
			files = (
			);
			runOnlyForDeploymentPostprocessing = 1;
		};
		274B0A57189CACE00050EF96 /* CopyFiles */ = {
			isa = PBXCopyFilesBuildPhase;
			buildActionMask = 2147483647;
			dstPath = /usr/share/man/man1/;
			dstSubfolderSpec = 0;
			files = (
			);
			runOnlyForDeploymentPostprocessing = 1;
		};
		274B0A5F189CACFB0050EF96 /* CopyFiles */ = {
			isa = PBXCopyFilesBuildPhase;
			buildActionMask = 2147483647;
			dstPath = /usr/share/man/man1/;
			dstSubfolderSpec = 0;
			files = (
			);
			runOnlyForDeploymentPostprocessing = 1;
		};
/* End PBXCopyFilesBuildPhase section */

/* Begin PBXFileReference section */
		2734A4A1189D2BEE00106285 /* Uninstall.app */ = {isa = PBXFileReference; explicitFileType = wrapper.application; includeInIndex = 0; path = Uninstall.app; sourceTree = BUILT_PRODUCTS_DIR; };
		2734A4A3189D2BEE00106285 /* Cocoa.framework */ = {isa = PBXFileReference; lastKnownFileType = wrapper.framework; name = Cocoa.framework; path = System/Library/Frameworks/Cocoa.framework; sourceTree = SDKROOT; };
		2734A4A6189D2BEE00106285 /* AppKit.framework */ = {isa = PBXFileReference; lastKnownFileType = wrapper.framework; name = AppKit.framework; path = System/Library/Frameworks/AppKit.framework; sourceTree = SDKROOT; };
		2734A4A7189D2BEE00106285 /* CoreData.framework */ = {isa = PBXFileReference; lastKnownFileType = wrapper.framework; name = CoreData.framework; path = System/Library/Frameworks/CoreData.framework; sourceTree = SDKROOT; };
		2734A4A8189D2BEE00106285 /* Foundation.framework */ = {isa = PBXFileReference; lastKnownFileType = wrapper.framework; name = Foundation.framework; path = System/Library/Frameworks/Foundation.framework; sourceTree = SDKROOT; };
		2734A4AB189D2BEE00106285 /* Uninstall-Info.plist */ = {isa = PBXFileReference; lastKnownFileType = text.plist.xml; path = "Uninstall-Info.plist"; sourceTree = "<group>"; };
		2734A4AD189D2BEE00106285 /* en */ = {isa = PBXFileReference; lastKnownFileType = text.plist.strings; name = en; path = en.lproj/InfoPlist.strings; sourceTree = "<group>"; };
		2734A4AF189D2BEE00106285 /* main.m */ = {isa = PBXFileReference; lastKnownFileType = sourcecode.c.objc; path = main.m; sourceTree = "<group>"; };
		2734A4B1189D2BEE00106285 /* Uninstall-Prefix.pch */ = {isa = PBXFileReference; lastKnownFileType = sourcecode.c.h; path = "Uninstall-Prefix.pch"; sourceTree = "<group>"; };
		2734A4B3189D2BEE00106285 /* en */ = {isa = PBXFileReference; lastKnownFileType = text.rtf; name = en; path = en.lproj/Credits.rtf; sourceTree = "<group>"; };
		2734A4B5189D2BEE00106285 /* EPMAppDelegate.h */ = {isa = PBXFileReference; lastKnownFileType = sourcecode.c.h; path = EPMAppDelegate.h; sourceTree = "<group>"; };
		2734A4B6189D2BEE00106285 /* EPMAppDelegate.m */ = {isa = PBXFileReference; lastKnownFileType = sourcecode.c.objc; path = EPMAppDelegate.m; sourceTree = "<group>"; };
		2734A4BB189D2BEE00106285 /* Images.xcassets */ = {isa = PBXFileReference; lastKnownFileType = folder.assetcatalog; path = Images.xcassets; sourceTree = "<group>"; };
		2734A4C2189D2BEE00106285 /* XCTest.framework */ = {isa = PBXFileReference; lastKnownFileType = wrapper.framework; name = XCTest.framework; path = Library/Frameworks/XCTest.framework; sourceTree = DEVELOPER_DIR; };
		2734A4D9189D315500106285 /* en */ = {isa = PBXFileReference; lastKnownFileType = file.xib; name = en; path = en.lproj/MainMenu.xib; sourceTree = "<group>"; };
		2734A4DA189F183700106285 /* CHANGES */ = {isa = PBXFileReference; lastKnownFileType = text; name = CHANGES; path = ../CHANGES; sourceTree = "<group>"; };
		2734A4DB189F183700106285 /* INSTALL */ = {isa = PBXFileReference; lastKnownFileType = text; name = INSTALL; path = ../INSTALL; sourceTree = "<group>"; };
		2734A4DC189F183700106285 /* README */ = {isa = PBXFileReference; lastKnownFileType = text; name = README; path = ../README; sourceTree = "<group>"; };
		274B0A48189CABE10050EF96 /* epm */ = {isa = PBXFileReference; explicitFileType = "compiled.mach-o.executable"; includeInIndex = 0; path = epm; sourceTree = BUILT_PRODUCTS_DIR; };
		274B0A5B189CACE00050EF96 /* epm copy */ = {isa = PBXFileReference; explicitFileType = "compiled.mach-o.executable"; includeInIndex = 0; path = "epm copy"; sourceTree = BUILT_PRODUCTS_DIR; };
		274B0A63189CACFB0050EF96 /* epminstall copy */ = {isa = PBXFileReference; explicitFileType = "compiled.mach-o.executable"; includeInIndex = 0; path = "epminstall copy"; sourceTree = BUILT_PRODUCTS_DIR; };
		274B0A64189CAD6E0050EF96 /* aix.c */ = {isa = PBXFileReference; fileEncoding = 4; lastKnownFileType = sourcecode.c.c; name = aix.c; path = ../aix.c; sourceTree = SOURCE_ROOT; };
		274B0A65189CAD6E0050EF96 /* bsd.c */ = {isa = PBXFileReference; fileEncoding = 4; lastKnownFileType = sourcecode.c.c; name = bsd.c; path = ../bsd.c; sourceTree = SOURCE_ROOT; };
		274B0A66189CAD6E0050EF96 /* deb.c */ = {isa = PBXFileReference; fileEncoding = 4; lastKnownFileType = sourcecode.c.c; name = deb.c; path = ../deb.c; sourceTree = SOURCE_ROOT; };
		274B0A67189CAD6E0050EF96 /* dist.c */ = {isa = PBXFileReference; fileEncoding = 4; lastKnownFileType = sourcecode.c.c; name = dist.c; path = ../dist.c; sourceTree = SOURCE_ROOT; };
		274B0A68189CAD6E0050EF96 /* epm.c */ = {isa = PBXFileReference; fileEncoding = 4; lastKnownFileType = sourcecode.c.c; name = epm.c; path = ../epm.c; sourceTree = SOURCE_ROOT; };
		274B0A69189CAD6E0050EF96 /* epm.h */ = {isa = PBXFileReference; fileEncoding = 4; lastKnownFileType = sourcecode.c.h; name = epm.h; path = ../epm.h; sourceTree = SOURCE_ROOT; };
		274B0A6A189CAD6E0050EF96 /* epmstring.h */ = {isa = PBXFileReference; fileEncoding = 4; lastKnownFileType = sourcecode.c.h; name = epmstring.h; path = ../epmstring.h; sourceTree = SOURCE_ROOT; };
		274B0A6B189CAD6E0050EF96 /* file.c */ = {isa = PBXFileReference; fileEncoding = 4; lastKnownFileType = sourcecode.c.c; name = file.c; path = ../file.c; sourceTree = SOURCE_ROOT; };
		274B0A6C189CAD6E0050EF96 /* inst.c */ = {isa = PBXFileReference; fileEncoding = 4; lastKnownFileType = sourcecode.c.c; name = inst.c; path = ../inst.c; sourceTree = SOURCE_ROOT; };
		274B0A6D189CAD6E0050EF96 /* osx.c */ = {isa = PBXFileReference; fileEncoding = 4; lastKnownFileType = sourcecode.c.c; name = osx.c; path = ../osx.c; sourceTree = SOURCE_ROOT; };
		274B0A6E189CAD6E0050EF96 /* pkg.c */ = {isa = PBXFileReference; fileEncoding = 4; lastKnownFileType = sourcecode.c.c; name = pkg.c; path = ../pkg.c; sourceTree = SOURCE_ROOT; };
		274B0A6F189CAD6E0050EF96 /* portable.c */ = {isa = PBXFileReference; fileEncoding = 4; lastKnownFileType = sourcecode.c.c; name = portable.c; path = ../portable.c; sourceTree = SOURCE_ROOT; };
		274B0A70189CAD6E0050EF96 /* qprintf.c */ = {isa = PBXFileReference; fileEncoding = 4; lastKnownFileType = sourcecode.c.c; name = qprintf.c; path = ../qprintf.c; sourceTree = SOURCE_ROOT; };
		274B0A71189CAD6E0050EF96 /* rpm.c */ = {isa = PBXFileReference; fileEncoding = 4; lastKnownFileType = sourcecode.c.c; name = rpm.c; path = ../rpm.c; sourceTree = SOURCE_ROOT; };
		274B0A72189CAD6E0050EF96 /* run.c */ = {isa = PBXFileReference; fileEncoding = 4; lastKnownFileType = sourcecode.c.c; name = run.c; path = ../run.c; sourceTree = SOURCE_ROOT; };
		274B0A73189CAD6E0050EF96 /* setld.c */ = {isa = PBXFileReference; fileEncoding = 4; lastKnownFileType = sourcecode.c.c; name = setld.c; path = ../setld.c; sourceTree = SOURCE_ROOT; };
		274B0A74189CAD6E0050EF96 /* slackware.c */ = {isa = PBXFileReference; fileEncoding = 4; lastKnownFileType = sourcecode.c.c; name = slackware.c; path = ../slackware.c; sourceTree = SOURCE_ROOT; };
		274B0A75189CAD6E0050EF96 /* snprintf.c */ = {isa = PBXFileReference; fileEncoding = 4; lastKnownFileType = sourcecode.c.c; name = snprintf.c; path = ../snprintf.c; sourceTree = SOURCE_ROOT; };
		274B0A76189CAD6E0050EF96 /* string.c */ = {isa = PBXFileReference; fileEncoding = 4; lastKnownFileType = sourcecode.c.c; name = string.c; path = ../string.c; sourceTree = SOURCE_ROOT; };
		274B0A77189CAD6E0050EF96 /* support.c */ = {isa = PBXFileReference; fileEncoding = 4; lastKnownFileType = sourcecode.c.c; name = support.c; path = ../support.c; sourceTree = SOURCE_ROOT; };
		274B0A78189CAD6E0050EF96 /* swinstall.c */ = {isa = PBXFileReference; fileEncoding = 4; lastKnownFileType = sourcecode.c.c; name = swinstall.c; path = ../swinstall.c; sourceTree = SOURCE_ROOT; };
		274B0A79189CAD6E0050EF96 /* tar.c */ = {isa = PBXFileReference; fileEncoding = 4; lastKnownFileType = sourcecode.c.c; name = tar.c; path = ../tar.c; sourceTree = SOURCE_ROOT; };
		274B0A92189CADF80050EF96 /* libepm.a */ = {isa = PBXFileReference; explicitFileType = archive.ar; includeInIndex = 0; path = libepm.a; sourceTree = BUILT_PRODUCTS_DIR; };
		274B0A98189CAE7F0050EF96 /* mkepmlist.c */ = {isa = PBXFileReference; fileEncoding = 4; lastKnownFileType = sourcecode.c.c; name = mkepmlist.c; path = ../mkepmlist.c; sourceTree = SOURCE_ROOT; };
		274B0AB0189CAEC60050EF96 /* epminstall.c */ = {isa = PBXFileReference; fileEncoding = 4; lastKnownFileType = sourcecode.c.c; name = epminstall.c; path = ../epminstall.c; sourceTree = SOURCE_ROOT; };
/* End PBXFileReference section */

/* Begin PBXFrameworksBuildPhase section */
		2734A49E189D2BEE00106285 /* Frameworks */ = {
			isa = PBXFrameworksBuildPhase;
			buildActionMask = 2147483647;
			files = (
				2734A4A4189D2BEE00106285 /* Cocoa.framework in Frameworks */,
			);
			runOnlyForDeploymentPostprocessing = 0;
		};
		274B0A45189CABE10050EF96 /* Frameworks */ = {
			isa = PBXFrameworksBuildPhase;
			buildActionMask = 2147483647;
			files = (
				274B0AB4189CAF090050EF96 /* libepm.a in Frameworks */,
			);
			runOnlyForDeploymentPostprocessing = 0;
		};
		274B0A56189CACE00050EF96 /* Frameworks */ = {
			isa = PBXFrameworksBuildPhase;
			buildActionMask = 2147483647;
			files = (
				274B0AB7189CAF210050EF96 /* libepm.a in Frameworks */,
			);
			runOnlyForDeploymentPostprocessing = 0;
		};
		274B0A5E189CACFB0050EF96 /* Frameworks */ = {
			isa = PBXFrameworksBuildPhase;
			buildActionMask = 2147483647;
			files = (
				274B0ABA189CAF2C0050EF96 /* libepm.a in Frameworks */,
			);
			runOnlyForDeploymentPostprocessing = 0;
		};
		274B0A8F189CADF80050EF96 /* Frameworks */ = {
			isa = PBXFrameworksBuildPhase;
			buildActionMask = 2147483647;
			files = (
			);
			runOnlyForDeploymentPostprocessing = 0;
		};
/* End PBXFrameworksBuildPhase section */

/* Begin PBXGroup section */
		2734A4A2189D2BEE00106285 /* Frameworks */ = {
			isa = PBXGroup;
			children = (
				2734A4A3189D2BEE00106285 /* Cocoa.framework */,
				2734A4C2189D2BEE00106285 /* XCTest.framework */,
				2734A4A5189D2BEE00106285 /* Other Frameworks */,
			);
			name = Frameworks;
			sourceTree = "<group>";
		};
		2734A4A5189D2BEE00106285 /* Other Frameworks */ = {
			isa = PBXGroup;
			children = (
				2734A4A6189D2BEE00106285 /* AppKit.framework */,
				2734A4A7189D2BEE00106285 /* CoreData.framework */,
				2734A4A8189D2BEE00106285 /* Foundation.framework */,
			);
			name = "Other Frameworks";
			sourceTree = "<group>";
		};
		2734A4A9189D2BEE00106285 /* Uninstall */ = {
			isa = PBXGroup;
			children = (
				2734A4B5189D2BEE00106285 /* EPMAppDelegate.h */,
				2734A4B6189D2BEE00106285 /* EPMAppDelegate.m */,
				2734A4B8189D2BEE00106285 /* MainMenu.xib */,
				2734A4BB189D2BEE00106285 /* Images.xcassets */,
				2734A4AA189D2BEE00106285 /* Supporting Files */,
			);
			path = Uninstall;
			sourceTree = "<group>";
		};
		2734A4AA189D2BEE00106285 /* Supporting Files */ = {
			isa = PBXGroup;
			children = (
				2734A4AB189D2BEE00106285 /* Uninstall-Info.plist */,
				2734A4AC189D2BEE00106285 /* InfoPlist.strings */,
				2734A4AF189D2BEE00106285 /* main.m */,
				2734A4B1189D2BEE00106285 /* Uninstall-Prefix.pch */,
				2734A4B2189D2BEE00106285 /* Credits.rtf */,
			);
			name = "Supporting Files";
			sourceTree = "<group>";
		};
		274B0A3F189CABE10050EF96 = {
			isa = PBXGroup;
			children = (
				2734A4DA189F183700106285 /* CHANGES */,
				2734A4DB189F183700106285 /* INSTALL */,
				2734A4DC189F183700106285 /* README */,
				274B0A96189CAE270050EF96 /* epm */,
				274B0AAF189CAEB00050EF96 /* epminstall */,
				274B0A4A189CABE10050EF96 /* libepm */,
				274B0A97189CAE540050EF96 /* mkepmlist */,
				2734A4A9189D2BEE00106285 /* Uninstall */,
				2734A4A2189D2BEE00106285 /* Frameworks */,
				274B0A49189CABE10050EF96 /* Products */,
			);
			sourceTree = "<group>";
		};
		274B0A49189CABE10050EF96 /* Products */ = {
			isa = PBXGroup;
			children = (
				274B0A48189CABE10050EF96 /* epm */,
				274B0A5B189CACE00050EF96 /* epm copy */,
				274B0A63189CACFB0050EF96 /* epminstall copy */,
				274B0A92189CADF80050EF96 /* libepm.a */,
				2734A4A1189D2BEE00106285 /* Uninstall.app */,
			);
			name = Products;
			sourceTree = "<group>";
		};
		274B0A4A189CABE10050EF96 /* libepm */ = {
			isa = PBXGroup;
			children = (
				274B0A64189CAD6E0050EF96 /* aix.c */,
				274B0A65189CAD6E0050EF96 /* bsd.c */,
				274B0A66189CAD6E0050EF96 /* deb.c */,
				274B0A67189CAD6E0050EF96 /* dist.c */,
				274B0A69189CAD6E0050EF96 /* epm.h */,
				274B0A6A189CAD6E0050EF96 /* epmstring.h */,
				274B0A6B189CAD6E0050EF96 /* file.c */,
				274B0A6C189CAD6E0050EF96 /* inst.c */,
				274B0A6D189CAD6E0050EF96 /* osx.c */,
				274B0A6E189CAD6E0050EF96 /* pkg.c */,
				274B0A6F189CAD6E0050EF96 /* portable.c */,
				274B0A70189CAD6E0050EF96 /* qprintf.c */,
				274B0A71189CAD6E0050EF96 /* rpm.c */,
				274B0A72189CAD6E0050EF96 /* run.c */,
				274B0A73189CAD6E0050EF96 /* setld.c */,
				274B0A74189CAD6E0050EF96 /* slackware.c */,
				274B0A75189CAD6E0050EF96 /* snprintf.c */,
				274B0A76189CAD6E0050EF96 /* string.c */,
				274B0A77189CAD6E0050EF96 /* support.c */,
				274B0A78189CAD6E0050EF96 /* swinstall.c */,
				274B0A79189CAD6E0050EF96 /* tar.c */,
			);
			name = libepm;
			path = EPM;
			sourceTree = "<group>";
		};
		274B0A96189CAE270050EF96 /* epm */ = {
			isa = PBXGroup;
			children = (
				274B0A68189CAD6E0050EF96 /* epm.c */,
			);
			name = epm;
			sourceTree = "<group>";
		};
		274B0A97189CAE540050EF96 /* mkepmlist */ = {
			isa = PBXGroup;
			children = (
				274B0A98189CAE7F0050EF96 /* mkepmlist.c */,
			);
			name = mkepmlist;
			sourceTree = "<group>";
		};
		274B0AAF189CAEB00050EF96 /* epminstall */ = {
			isa = PBXGroup;
			children = (
				274B0AB0189CAEC60050EF96 /* epminstall.c */,
			);
			name = epminstall;
			sourceTree = "<group>";
		};
/* End PBXGroup section */

/* Begin PBXHeadersBuildPhase section */
		274B0A90189CADF80050EF96 /* Headers */ = {
			isa = PBXHeadersBuildPhase;
			buildActionMask = 2147483647;
			files = (
				274B0A9F189CAE8A0050EF96 /* epmstring.h in Headers */,
				274B0A9E189CAE8A0050EF96 /* epm.h in Headers */,
			);
			runOnlyForDeploymentPostprocessing = 0;
		};
/* End PBXHeadersBuildPhase section */

/* Begin PBXNativeTarget section */
		2734A4A0189D2BEE00106285 /* Uninstall */ = {
			isa = PBXNativeTarget;
			buildConfigurationList = 2734A4CF189D2BEE00106285 /* Build configuration list for PBXNativeTarget "Uninstall" */;
			buildPhases = (
				2734A49D189D2BEE00106285 /* Sources */,
				2734A49E189D2BEE00106285 /* Frameworks */,
				2734A49F189D2BEE00106285 /* Resources */,
			);
			buildRules = (
			);
			dependencies = (
			);
			name = Uninstall;
			productName = Uninstall;
			productReference = 2734A4A1189D2BEE00106285 /* Uninstall.app */;
			productType = "com.apple.product-type.application";
		};
		274B0A47189CABE10050EF96 /* epm */ = {
			isa = PBXNativeTarget;
			buildConfigurationList = 274B0A51189CABE10050EF96 /* Build configuration list for PBXNativeTarget "epm" */;
			buildPhases = (
				274B0A44189CABE10050EF96 /* Sources */,
				274B0A45189CABE10050EF96 /* Frameworks */,
				274B0A46189CABE10050EF96 /* CopyFiles */,
			);
			buildRules = (
			);
			dependencies = (
				274B0AB3189CAF010050EF96 /* PBXTargetDependency */,
			);
			name = epm;
			productName = EPM;
			productReference = 274B0A48189CABE10050EF96 /* epm */;
			productType = "com.apple.product-type.tool";
		};
		274B0A54189CACE00050EF96 /* epminstall */ = {
			isa = PBXNativeTarget;
			buildConfigurationList = 274B0A58189CACE00050EF96 /* Build configuration list for PBXNativeTarget "epminstall" */;
			buildPhases = (
				274B0A55189CACE00050EF96 /* Sources */,
				274B0A56189CACE00050EF96 /* Frameworks */,
				274B0A57189CACE00050EF96 /* CopyFiles */,
			);
			buildRules = (
			);
			dependencies = (
				274B0AB6189CAF1A0050EF96 /* PBXTargetDependency */,
			);
			name = epminstall;
			productName = EPM;
			productReference = 274B0A5B189CACE00050EF96 /* epm copy */;
			productType = "com.apple.product-type.tool";
		};
		274B0A5C189CACFB0050EF96 /* mkepmlist */ = {
			isa = PBXNativeTarget;
			buildConfigurationList = 274B0A60189CACFB0050EF96 /* Build configuration list for PBXNativeTarget "mkepmlist" */;
			buildPhases = (
				274B0A5D189CACFB0050EF96 /* Sources */,
				274B0A5E189CACFB0050EF96 /* Frameworks */,
				274B0A5F189CACFB0050EF96 /* CopyFiles */,
			);
			buildRules = (
			);
			dependencies = (
				274B0AB9189CAF280050EF96 /* PBXTargetDependency */,
			);
			name = mkepmlist;
			productName = EPM;
			productReference = 274B0A63189CACFB0050EF96 /* epminstall copy */;
			productType = "com.apple.product-type.tool";
		};
		274B0A91189CADF80050EF96 /* libepm */ = {
			isa = PBXNativeTarget;
			buildConfigurationList = 274B0A93189CADF80050EF96 /* Build configuration list for PBXNativeTarget "libepm" */;
			buildPhases = (
				274B0A8E189CADF80050EF96 /* Sources */,
				274B0A8F189CADF80050EF96 /* Frameworks */,
				274B0A90189CADF80050EF96 /* Headers */,
			);
			buildRules = (
			);
			dependencies = (
			);
			name = libepm;
			productName = libepm;
			productReference = 274B0A92189CADF80050EF96 /* libepm.a */;
			productType = "com.apple.product-type.library.static";
		};
/* End PBXNativeTarget section */

/* Begin PBXProject section */
		274B0A40189CABE10050EF96 /* Project object */ = {
			isa = PBXProject;
			attributes = {
				LastUpgradeCheck = 0500;
				ORGANIZATIONNAME = "Michael Sweet";
			};
			buildConfigurationList = 274B0A43189CABE10050EF96 /* Build configuration list for PBXProject "EPM" */;
			compatibilityVersion = "Xcode 3.2";
			developmentRegion = English;
			hasScannedForEncodings = 0;
			knownRegions = (
				en,
				Base,
			);
			mainGroup = 274B0A3F189CABE10050EF96;
			productRefGroup = 274B0A49189CABE10050EF96 /* Products */;
			projectDirPath = "";
			projectRoot = "";
			targets = (
				274B0ABB189CAF780050EF96 /* All */,
				274B0A47189CABE10050EF96 /* epm */,
				274B0A54189CACE00050EF96 /* epminstall */,
				274B0A5C189CACFB0050EF96 /* mkepmlist */,
				274B0A91189CADF80050EF96 /* libepm */,
				2734A4A0189D2BEE00106285 /* Uninstall */,
			);
		};
/* End PBXProject section */

/* Begin PBXResourcesBuildPhase section */
		2734A49F189D2BEE00106285 /* Resources */ = {
			isa = PBXResourcesBuildPhase;
			buildActionMask = 2147483647;
			files = (
				2734A4AE189D2BEE00106285 /* InfoPlist.strings in Resources */,
				2734A4BC189D2BEE00106285 /* Images.xcassets in Resources */,
				2734A4B4189D2BEE00106285 /* Credits.rtf in Resources */,
				2734A4BA189D2BEE00106285 /* MainMenu.xib in Resources */,
			);
			runOnlyForDeploymentPostprocessing = 0;
		};
/* End PBXResourcesBuildPhase section */

/* Begin PBXSourcesBuildPhase section */
		2734A49D189D2BEE00106285 /* Sources */ = {
			isa = PBXSourcesBuildPhase;
			buildActionMask = 2147483647;
			files = (
				2734A4B0189D2BEE00106285 /* main.m in Sources */,
				2734A4B7189D2BEE00106285 /* EPMAppDelegate.m in Sources */,
			);
			runOnlyForDeploymentPostprocessing = 0;
		};
		274B0A44189CABE10050EF96 /* Sources */ = {
			isa = PBXSourcesBuildPhase;
			buildActionMask = 2147483647;
			files = (
				274B0A7E189CAD6E0050EF96 /* epm.c in Sources */,
			);
			runOnlyForDeploymentPostprocessing = 0;
		};
		274B0A55189CACE00050EF96 /* Sources */ = {
			isa = PBXSourcesBuildPhase;
			buildActionMask = 2147483647;
			files = (
				274B0AB1189CAEC60050EF96 /* epminstall.c in Sources */,
			);
			runOnlyForDeploymentPostprocessing = 0;
		};
		274B0A5D189CACFB0050EF96 /* Sources */ = {
			isa = PBXSourcesBuildPhase;
			buildActionMask = 2147483647;
			files = (
				274B0A99189CAE7F0050EF96 /* mkepmlist.c in Sources */,
			);
			runOnlyForDeploymentPostprocessing = 0;
		};
		274B0A8E189CADF80050EF96 /* Sources */ = {
			isa = PBXSourcesBuildPhase;
			buildActionMask = 2147483647;
			files = (
				274B0AAB189CAE8A0050EF96 /* string.c in Sources */,
				274B0AA6189CAE8A0050EF96 /* rpm.c in Sources */,
				274B0AAA189CAE8A0050EF96 /* snprintf.c in Sources */,
				274B0AA3189CAE8A0050EF96 /* pkg.c in Sources */,
				274B0AA8189CAE8A0050EF96 /* setld.c in Sources */,
				274B0AA0189CAE8A0050EF96 /* file.c in Sources */,
				274B0AA7189CAE8A0050EF96 /* run.c in Sources */,
				274B0AA1189CAE8A0050EF96 /* inst.c in Sources */,
				274B0AAE189CAE8A0050EF96 /* tar.c in Sources */,
				274B0A9C189CAE8A0050EF96 /* deb.c in Sources */,
				274B0AAD189CAE8A0050EF96 /* swinstall.c in Sources */,
				274B0AA5189CAE8A0050EF96 /* qprintf.c in Sources */,
				274B0A9A189CAE8A0050EF96 /* aix.c in Sources */,
				274B0AA9189CAE8A0050EF96 /* slackware.c in Sources */,
				274B0AA2189CAE8A0050EF96 /* osx.c in Sources */,
				274B0A9B189CAE8A0050EF96 /* bsd.c in Sources */,
				274B0AA4189CAE8A0050EF96 /* portable.c in Sources */,
				274B0AAC189CAE8A0050EF96 /* support.c in Sources */,
				274B0A9D189CAE8A0050EF96 /* dist.c in Sources */,
			);
			runOnlyForDeploymentPostprocessing = 0;
		};
/* End PBXSourcesBuildPhase section */

/* Begin PBXTargetDependency section */
		2734A4D6189D2CCF00106285 /* PBXTargetDependency */ = {
			isa = PBXTargetDependency;
			target = 2734A4A0189D2BEE00106285 /* Uninstall */;
			targetProxy = 2734A4D5189D2CCF00106285 /* PBXContainerItemProxy */;
		};
		274B0AB3189CAF010050EF96 /* PBXTargetDependency */ = {
			isa = PBXTargetDependency;
			target = 274B0A91189CADF80050EF96 /* libepm */;
			targetProxy = 274B0AB2189CAF010050EF96 /* PBXContainerItemProxy */;
		};
		274B0AB6189CAF1A0050EF96 /* PBXTargetDependency */ = {
			isa = PBXTargetDependency;
			target = 274B0A91189CADF80050EF96 /* libepm */;
			targetProxy = 274B0AB5189CAF1A0050EF96 /* PBXContainerItemProxy */;
		};
		274B0AB9189CAF280050EF96 /* PBXTargetDependency */ = {
			isa = PBXTargetDependency;
			target = 274B0A91189CADF80050EF96 /* libepm */;
			targetProxy = 274B0AB8189CAF280050EF96 /* PBXContainerItemProxy */;
		};
		274B0AC0189CAF840050EF96 /* PBXTargetDependency */ = {
			isa = PBXTargetDependency;
			target = 274B0A47189CABE10050EF96 /* epm */;
			targetProxy = 274B0ABF189CAF840050EF96 /* PBXContainerItemProxy */;
		};
		274B0AC2189CAF840050EF96 /* PBXTargetDependency */ = {
			isa = PBXTargetDependency;
			target = 274B0A54189CACE00050EF96 /* epminstall */;
			targetProxy = 274B0AC1189CAF840050EF96 /* PBXContainerItemProxy */;
		};
		274B0AC4189CAF840050EF96 /* PBXTargetDependency */ = {
			isa = PBXTargetDependency;
			target = 274B0A5C189CACFB0050EF96 /* mkepmlist */;
			targetProxy = 274B0AC3189CAF840050EF96 /* PBXContainerItemProxy */;
		};
/* End PBXTargetDependency section */

/* Begin PBXVariantGroup section */
		2734A4AC189D2BEE00106285 /* InfoPlist.strings */ = {
			isa = PBXVariantGroup;
			children = (
				2734A4AD189D2BEE00106285 /* en */,
			);
			name = InfoPlist.strings;
			sourceTree = "<group>";
		};
		2734A4B2189D2BEE00106285 /* Credits.rtf */ = {
			isa = PBXVariantGroup;
			children = (
				2734A4B3189D2BEE00106285 /* en */,
			);
			name = Credits.rtf;
			sourceTree = "<group>";
		};
		2734A4B8189D2BEE00106285 /* MainMenu.xib */ = {
			isa = PBXVariantGroup;
			children = (
				2734A4D9189D315500106285 /* en */,
			);
			name = MainMenu.xib;
			sourceTree = "<group>";
		};
/* End PBXVariantGroup section */

/* Begin XCBuildConfiguration section */
		2734A4D0189D2BEE00106285 /* Debug */ = {
			isa = XCBuildConfiguration;
			buildSettings = {
				ASSETCATALOG_COMPILER_APPICON_NAME = AppIcon;
				COMBINE_HIDPI_IMAGES = YES;
				GCC_PRECOMPILE_PREFIX_HEADER = YES;
				GCC_PREFIX_HEADER = "Uninstall/Uninstall-Prefix.pch";
				GCC_PREPROCESSOR_DEFINITIONS = (
					"DEBUG=1",
					"$(inherited)",
				);
				INFOPLIST_FILE = "Uninstall/Uninstall-Info.plist";
				PRODUCT_NAME = "$(TARGET_NAME)";
				WRAPPER_EXTENSION = app;
			};
			name = Debug;
		};
		2734A4D1189D2BEE00106285 /* Release */ = {
			isa = XCBuildConfiguration;
			buildSettings = {
				ASSETCATALOG_COMPILER_APPICON_NAME = AppIcon;
				COMBINE_HIDPI_IMAGES = YES;
				GCC_PRECOMPILE_PREFIX_HEADER = YES;
				GCC_PREFIX_HEADER = "Uninstall/Uninstall-Prefix.pch";
				INFOPLIST_FILE = "Uninstall/Uninstall-Info.plist";
				PRODUCT_NAME = "$(TARGET_NAME)";
				WRAPPER_EXTENSION = app;
			};
			name = Release;
		};
		274B0A4F189CABE10050EF96 /* Debug */ = {
			isa = XCBuildConfiguration;
			buildSettings = {
				ALWAYS_SEARCH_USER_PATHS = NO;
				CLANG_CXX_LANGUAGE_STANDARD = "gnu++0x";
				CLANG_CXX_LIBRARY = "libc++";
				CLANG_ENABLE_OBJC_ARC = NO;
				CLANG_WARN_BOOL_CONVERSION = YES;
				CLANG_WARN_CONSTANT_CONVERSION = YES;
				CLANG_WARN_DIRECT_OBJC_ISA_USAGE = YES_ERROR;
				CLANG_WARN_EMPTY_BODY = YES;
				CLANG_WARN_ENUM_CONVERSION = YES;
				CLANG_WARN_INT_CONVERSION = YES;
				CLANG_WARN_OBJC_ROOT_CLASS = YES_ERROR;
				CLANG_WARN__DUPLICATE_METHOD_MATCH = YES;
				COPY_PHASE_STRIP = NO;
				CURRENT_PROJECT_VERSION = 4.3;
				GCC_C_LANGUAGE_STANDARD = gnu99;
				GCC_DYNAMIC_NO_PIC = NO;
				GCC_ENABLE_OBJC_EXCEPTIONS = YES;
				GCC_OPTIMIZATION_LEVEL = 0;
				GCC_PREPROCESSOR_DEFINITIONS = (
					"DEBUG=1",
					"$(inherited)",
				);
				GCC_SYMBOLS_PRIVATE_EXTERN = NO;
				GCC_WARN_64_TO_32_BIT_CONVERSION = YES;
				GCC_WARN_ABOUT_RETURN_TYPE = YES_ERROR;
				GCC_WARN_UNDECLARED_SELECTOR = YES;
				GCC_WARN_UNINITIALIZED_AUTOS = YES;
				GCC_WARN_UNUSED_FUNCTION = YES;
				GCC_WARN_UNUSED_VARIABLE = YES;
				HEADER_SEARCH_PATHS = (
					"$(inherited)",
					.,
					/Applications/Xcode.app/Contents/Developer/Toolchains/XcodeDefault.xctoolchain/usr/include,
				);
				MACOSX_DEPLOYMENT_TARGET = 10.4;
				ONLY_ACTIVE_ARCH = YES;
				SDKROOT = macosx;
			};
			name = Debug;
		};
		274B0A50189CABE10050EF96 /* Release */ = {
			isa = XCBuildConfiguration;
			buildSettings = {
				ALWAYS_SEARCH_USER_PATHS = NO;
				CLANG_CXX_LANGUAGE_STANDARD = "gnu++0x";
				CLANG_CXX_LIBRARY = "libc++";
				CLANG_ENABLE_OBJC_ARC = NO;
				CLANG_WARN_BOOL_CONVERSION = YES;
				CLANG_WARN_CONSTANT_CONVERSION = YES;
				CLANG_WARN_DIRECT_OBJC_ISA_USAGE = YES_ERROR;
				CLANG_WARN_EMPTY_BODY = YES;
				CLANG_WARN_ENUM_CONVERSION = YES;
				CLANG_WARN_INT_CONVERSION = YES;
				CLANG_WARN_OBJC_ROOT_CLASS = YES_ERROR;
				CLANG_WARN__DUPLICATE_METHOD_MATCH = YES;
				COPY_PHASE_STRIP = YES;
				CURRENT_PROJECT_VERSION = 4.3;
				DEBUG_INFORMATION_FORMAT = "dwarf-with-dsym";
				ENABLE_NS_ASSERTIONS = NO;
				GCC_C_LANGUAGE_STANDARD = gnu99;
				GCC_ENABLE_OBJC_EXCEPTIONS = YES;
				GCC_WARN_64_TO_32_BIT_CONVERSION = YES;
				GCC_WARN_ABOUT_RETURN_TYPE = YES_ERROR;
				GCC_WARN_UNDECLARED_SELECTOR = YES;
				GCC_WARN_UNINITIALIZED_AUTOS = YES;
				GCC_WARN_UNUSED_FUNCTION = YES;
				GCC_WARN_UNUSED_VARIABLE = YES;
				HEADER_SEARCH_PATHS = (
					"$(inherited)",
					.,
					/Applications/Xcode.app/Contents/Developer/Toolchains/XcodeDefault.xctoolchain/usr/include,
				);
				MACOSX_DEPLOYMENT_TARGET = 10.4;
				SDKROOT = macosx;
			};
			name = Release;
		};
		274B0A52189CABE10050EF96 /* Debug */ = {
			isa = XCBuildConfiguration;
			buildSettings = {
				INSTALL_PATH = /usr/bin;
				PRODUCT_NAME = "$(TARGET_NAME)";
			};
			name = Debug;
		};
		274B0A53189CABE10050EF96 /* Release */ = {
			isa = XCBuildConfiguration;
			buildSettings = {
				INSTALL_PATH = /usr/bin;
				PRODUCT_NAME = "$(TARGET_NAME)";
			};
			name = Release;
		};
		274B0A59189CACE00050EF96 /* Debug */ = {
			isa = XCBuildConfiguration;
			buildSettings = {
				INSTALL_PATH = /usr/bin;
				PRODUCT_NAME = "epm copy";
			};
			name = Debug;
		};
		274B0A5A189CACE00050EF96 /* Release */ = {
			isa = XCBuildConfiguration;
			buildSettings = {
				INSTALL_PATH = /usr/bin;
				PRODUCT_NAME = "epm copy";
			};
			name = Release;
		};
		274B0A61189CACFB0050EF96 /* Debug */ = {
			isa = XCBuildConfiguration;
			buildSettings = {
				INSTALL_PATH = /usr/bin;
				PRODUCT_NAME = "epminstall copy";
			};
			name = Debug;
		};
		274B0A62189CACFB0050EF96 /* Release */ = {
			isa = XCBuildConfiguration;
			buildSettings = {
				INSTALL_PATH = /usr/bin;
				PRODUCT_NAME = "epminstall copy";
			};
			name = Release;
		};
		274B0A94189CADF80050EF96 /* Debug */ = {
			isa = XCBuildConfiguration;
			buildSettings = {
				EXECUTABLE_PREFIX = "";
				GCC_PREPROCESSOR_DEFINITIONS = (
					"DEBUG=1",
					"$(inherited)",
				);
				PRODUCT_NAME = "$(TARGET_NAME)";
			};
			name = Debug;
		};
		274B0A95189CADF80050EF96 /* Release */ = {
			isa = XCBuildConfiguration;
			buildSettings = {
				EXECUTABLE_PREFIX = "";
				PRODUCT_NAME = "$(TARGET_NAME)";
			};
			name = Release;
		};
		274B0ABD189CAF780050EF96 /* Debug */ = {
			isa = XCBuildConfiguration;
			buildSettings = {
				PRODUCT_NAME = "$(TARGET_NAME)";
			};
			name = Debug;
		};
		274B0ABE189CAF780050EF96 /* Release */ = {
			isa = XCBuildConfiguration;
			buildSettings = {
				PRODUCT_NAME = "$(TARGET_NAME)";
			};
			name = Release;
		};
/* End XCBuildConfiguration section */

/* Begin XCConfigurationList section */
		2734A4CF189D2BEE00106285 /* Build configuration list for PBXNativeTarget "Uninstall" */ = {
			isa = XCConfigurationList;
			buildConfigurations = (
				2734A4D0189D2BEE00106285 /* Debug */,
				2734A4D1189D2BEE00106285 /* Release */,
			);
			defaultConfigurationIsVisible = 0;
		};
		274B0A43189CABE10050EF96 /* Build configuration list for PBXProject "EPM" */ = {
			isa = XCConfigurationList;
			buildConfigurations = (
				274B0A4F189CABE10050EF96 /* Debug */,
				274B0A50189CABE10050EF96 /* Release */,
			);
			defaultConfigurationIsVisible = 0;
			defaultConfigurationName = Release;
		};
		274B0A51189CABE10050EF96 /* Build configuration list for PBXNativeTarget "epm" */ = {
			isa = XCConfigurationList;
			buildConfigurations = (
				274B0A52189CABE10050EF96 /* Debug */,
				274B0A53189CABE10050EF96 /* Release */,
			);
			defaultConfigurationIsVisible = 0;
			defaultConfigurationName = Release;
		};
		274B0A58189CACE00050EF96 /* Build configuration list for PBXNativeTarget "epminstall" */ = {
			isa = XCConfigurationList;
			buildConfigurations = (
				274B0A59189CACE00050EF96 /* Debug */,
				274B0A5A189CACE00050EF96 /* Release */,
			);
			defaultConfigurationIsVisible = 0;
			defaultConfigurationName = Release;
		};
		274B0A60189CACFB0050EF96 /* Build configuration list for PBXNativeTarget "mkepmlist" */ = {
			isa = XCConfigurationList;
			buildConfigurations = (
				274B0A61189CACFB0050EF96 /* Debug */,
				274B0A62189CACFB0050EF96 /* Release */,
			);
			defaultConfigurationIsVisible = 0;
			defaultConfigurationName = Release;
		};
		274B0A93189CADF80050EF96 /* Build configuration list for PBXNativeTarget "libepm" */ = {
			isa = XCConfigurationList;
			buildConfigurations = (
				274B0A94189CADF80050EF96 /* Debug */,
				274B0A95189CADF80050EF96 /* Release */,
			);
			defaultConfigurationIsVisible = 0;
			defaultConfigurationName = Release;
		};
		274B0ABC189CAF780050EF96 /* Build configuration list for PBXAggregateTarget "All" */ = {
			isa = XCConfigurationList;
			buildConfigurations = (
				274B0ABD189CAF780050EF96 /* Debug */,
				274B0ABE189CAF780050EF96 /* Release */,
			);
			defaultConfigurationIsVisible = 0;
			defaultConfigurationName = Release;
		};
/* End XCConfigurationList section */
	};
	rootObject = 274B0A40189CABE10050EF96 /* Project object */;
}
